<?xml version="1.0" encoding="utf-8"?>
<Project ToolsVersion="4.0" xmlns="http://schemas.microsoft.com/developer/msbuild/2003">
  <ItemGroup>
    <Filter Include="리소스 파일">
      <UniqueIdentifier>{67DA6AB6-F800-4c08-8B7A-83BB121AAD01}</UniqueIdentifier>
      <Extensions>rc;ico;cur;bmp;dlg;rc2;rct;bin;rgs;gif;jpg;jpeg;jpe;resx;tiff;tif;png;wav;mfcribbon-ms</Extensions>
    </Filter>
    <Filter Include="Default">
      <UniqueIdentifier>{3fd47ff5-1bfe-422c-bec3-2095f8c06793}</UniqueIdentifier>
    </Filter>
    <Filter Include="Game">
      <UniqueIdentifier>{dbcf813a-781b-4656-8edb-5c813da495c0}</UniqueIdentifier>
    </Filter>
    <Filter Include="Game\01. Header">
      <UniqueIdentifier>{fa36f031-6f2a-4f5e-98b8-c68bdaa683bd}</UniqueIdentifier>
    </Filter>
    <Filter Include="Game\03. Manager">
      <UniqueIdentifier>{71bc80a9-43a7-4a83-9276-6602b92d0148}</UniqueIdentifier>
    </Filter>
    <Filter Include="Game\02. Engine">
      <UniqueIdentifier>{39a91cb2-97fc-4415-9d00-a56c9666d396}</UniqueIdentifier>
    </Filter>
    <Filter Include="Game\06. Component">
      <UniqueIdentifier>{dd98df2a-d112-4a27-bd67-4f43a80d05da}</UniqueIdentifier>
    </Filter>
    <Filter Include="Game\06. Component\Animator">
      <UniqueIdentifier>{2c15ce47-688d-4eae-b6bf-2e1ef127d02f}</UniqueIdentifier>
    </Filter>
    <Filter Include="Game\06. Component\Collider">
      <UniqueIdentifier>{15f39f95-334e-47db-9890-1d7eadb2f4c7}</UniqueIdentifier>
    </Filter>
    <Filter Include="Game\06. Component\Movement">
      <UniqueIdentifier>{709d139e-7690-495e-baea-ebd893116752}</UniqueIdentifier>
    </Filter>
    <Filter Include="Game\04. Level">
      <UniqueIdentifier>{5f1d2422-c492-4359-b981-a66544bee164}</UniqueIdentifier>
    </Filter>
    <Filter Include="Game\05. Object">
      <UniqueIdentifier>{56b7f4e1-4c4f-4faa-93c3-48437b40bd0f}</UniqueIdentifier>
    </Filter>
    <Filter Include="Game\05. Object\Player">
      <UniqueIdentifier>{01fddde8-a8e0-49ec-8f90-d990cf66ad2b}</UniqueIdentifier>
    </Filter>
    <Filter Include="Game\05. Object\Monster">
      <UniqueIdentifier>{52d08624-4c36-4136-af1a-ca4431ea8700}</UniqueIdentifier>
    </Filter>
    <Filter Include="Game\05. Object\CProjectile">
      <UniqueIdentifier>{7ca5b44a-7707-4706-ba7f-323fcdfbd5c0}</UniqueIdentifier>
    </Filter>
    <Filter Include="Game\07. Asset">
      <UniqueIdentifier>{13edf456-d223-4a67-abb8-836479e3058f}</UniqueIdentifier>
    </Filter>
    <Filter Include="Game\07. Asset\Sound">
      <UniqueIdentifier>{7e81da10-1381-4c70-a896-f1f7b95603c7}</UniqueIdentifier>
    </Filter>
    <Filter Include="Game\07. Asset\Texture">
      <UniqueIdentifier>{9d45c93c-c0b0-4cdb-b808-4bd0781381f3}</UniqueIdentifier>
    </Filter>
    <Filter Include="Game\06. Component\Animator\Anim">
      <UniqueIdentifier>{e42b1127-b2a3-41cd-acae-a93dd0ae247a}</UniqueIdentifier>
    </Filter>
    <Filter Include="Game\05. Object\Platform">
      <UniqueIdentifier>{00b93198-c558-404b-be6f-ddf3e91ed408}</UniqueIdentifier>
    </Filter>
    <Filter Include="Game\04. Level\PlayLevel">
      <UniqueIdentifier>{70990aa3-e6aa-4833-ac26-3824219d83f9}</UniqueIdentifier>
    </Filter>
    <Filter Include="Game\04. Level\EditorLevel">
      <UniqueIdentifier>{40a46787-a0c3-4e91-926d-259a8435bcb3}</UniqueIdentifier>
    </Filter>
    <Filter Include="Game\05. Object\Tile">
      <UniqueIdentifier>{6353599d-8b35-4b84-9259-64ba593f8f27}</UniqueIdentifier>
    </Filter>
    <Filter Include="Game\05. Object\UI">
      <UniqueIdentifier>{041cdaac-27ba-4a1d-88be-0f8323c6fc9e}</UniqueIdentifier>
    </Filter>
    <Filter Include="Game\06. Component\StateMachine">
      <UniqueIdentifier>{8fe77e28-0a19-44e0-8100-48558c2d7daa}</UniqueIdentifier>
    </Filter>
    <Filter Include="Game\06. Component\StateMachine\State">
      <UniqueIdentifier>{2a4562cf-1160-460a-b3f2-4c7fec525d50}</UniqueIdentifier>
    </Filter>
    <Filter Include="Game\04. Level\StartMenuLevel">
      <UniqueIdentifier>{4f93bc02-cf12-4586-af2d-4dad944364f0}</UniqueIdentifier>
    </Filter>
    <Filter Include="Game\05. Object\Background">
      <UniqueIdentifier>{05207290-50b7-40c3-a0f5-195277d8894f}</UniqueIdentifier>
    </Filter>
    <Filter Include="Game\06. Component\Transform">
      <UniqueIdentifier>{b1d85c6d-4fbe-47a2-ac34-ac69958dcde9}</UniqueIdentifier>
    </Filter>
    <Filter Include="Game\05. Object\Stage">
      <UniqueIdentifier>{8639c905-b5a5-417d-9752-cd45eaf31930}</UniqueIdentifier>
    </Filter>
    <Filter Include="Game\05. Object\Stage\Beat">
      <UniqueIdentifier>{92a1d876-f676-4b4d-9884-a27a2c30e178}</UniqueIdentifier>
    </Filter>
    <Filter Include="Game\08. Event">
      <UniqueIdentifier>{6ce9a08a-27f6-4599-8ffd-313e8789ecb0}</UniqueIdentifier>
    </Filter>
    <Filter Include="Game\08. Event\Note">
      <UniqueIdentifier>{7ce2cecb-6c3e-4b89-bccf-6900f1311352}</UniqueIdentifier>
    </Filter>
    <Filter Include="Game\08. Event\Window">
      <UniqueIdentifier>{507aa1af-ebe6-44a7-a8d0-ef6e5146d703}</UniqueIdentifier>
    </Filter>
    <Filter Include="Game\08. Event\Object">
      <UniqueIdentifier>{adcf0496-9e28-41ee-8075-1314c273dcf0}</UniqueIdentifier>
    </Filter>
    <Filter Include="Game\05. Object\Stage\Thermometer">
      <UniqueIdentifier>{f419df07-c36c-4418-a756-433f7e83f90c}</UniqueIdentifier>
    </Filter>
  </ItemGroup>
  <ItemGroup>
    <ClInclude Include="inho.h">
      <Filter>Default</Filter>
    </ClInclude>
    <ClInclude Include="Resource.h">
      <Filter>Default</Filter>
    </ClInclude>
    <ClInclude Include="targetver.h">
      <Filter>Default</Filter>
    </ClInclude>
    <ClInclude Include="pch.h">
      <Filter>Default</Filter>
    </ClInclude>
    <ClInclude Include="global.h">
      <Filter>Game\01. Header</Filter>
    </ClInclude>
    <ClInclude Include="define.h">
      <Filter>Game\01. Header</Filter>
    </ClInclude>
    <ClInclude Include="struct.h">
      <Filter>Game\01. Header</Filter>
    </ClInclude>
    <ClInclude Include="CLevel.h">
      <Filter>Game\04. Level</Filter>
    </ClInclude>
    <ClInclude Include="CObj.h">
      <Filter>Game\05. Object</Filter>
    </ClInclude>
    <ClInclude Include="CTimeMgr.h">
      <Filter>Game\03. Manager</Filter>
    </ClInclude>
    <ClInclude Include="CPlayer.h">
      <Filter>Game\05. Object\Player</Filter>
    </ClInclude>
    <ClInclude Include="CPaletteMgr.h">
      <Filter>Game\03. Manager</Filter>
    </ClInclude>
    <ClInclude Include="CMonster.h">
      <Filter>Game\05. Object\Monster</Filter>
    </ClInclude>
    <ClInclude Include="CPathMgr.h">
      <Filter>Game\03. Manager</Filter>
    </ClInclude>
    <ClInclude Include="CKeyMgr.h">
      <Filter>Game\03. Manager</Filter>
    </ClInclude>
    <ClInclude Include="CLevelMgr.h">
      <Filter>Game\03. Manager</Filter>
    </ClInclude>
    <ClInclude Include="CProjectile.h">
      <Filter>Game\05. Object\CProjectile</Filter>
    </ClInclude>
    <ClInclude Include="CEngine.h">
      <Filter>Game\02. Engine</Filter>
    </ClInclude>
    <ClInclude Include="CGuidedProjectile.h">
      <Filter>Game\05. Object\CProjectile</Filter>
    </ClInclude>
    <ClInclude Include="CEntity.h" />
    <ClInclude Include="CComponent.h">
      <Filter>Game\06. Component</Filter>
    </ClInclude>
    <ClInclude Include="CCollider.h">
      <Filter>Game\06. Component\Collider</Filter>
    </ClInclude>
    <ClInclude Include="CCollisionMgr.h">
      <Filter>Game\03. Manager</Filter>
    </ClInclude>
    <ClInclude Include="CCamera.h">
      <Filter>Game\03. Manager</Filter>
    </ClInclude>
    <ClInclude Include="CLayer.h">
      <Filter>Game\04. Level</Filter>
    </ClInclude>
    <ClInclude Include="func.h">
      <Filter>Game\01. Header</Filter>
    </ClInclude>
    <ClInclude Include="CTaskMgr.h">
      <Filter>Game\03. Manager</Filter>
    </ClInclude>
    <ClInclude Include="CGCMgr.h">
      <Filter>Game\03. Manager</Filter>
    </ClInclude>
    <ClInclude Include="CAsset.h">
      <Filter>Game\07. Asset</Filter>
    </ClInclude>
    <ClInclude Include="CAssetMgr.h">
      <Filter>Game\03. Manager</Filter>
    </ClInclude>
    <ClInclude Include="CSound.h">
      <Filter>Game\07. Asset\Sound</Filter>
    </ClInclude>
    <ClInclude Include="CTexture.h">
      <Filter>Game\07. Asset\Texture</Filter>
    </ClInclude>
    <ClInclude Include="CAnimator.h">
      <Filter>Game\06. Component\Animator</Filter>
    </ClInclude>
    <ClInclude Include="CAnim.h">
      <Filter>Game\06. Component\Animator\Anim</Filter>
    </ClInclude>
    <ClInclude Include="CMovement.h">
      <Filter>Game\06. Component\Movement</Filter>
    </ClInclude>
    <ClInclude Include="CLogMgr.h">
      <Filter>Game\03. Manager</Filter>
    </ClInclude>
    <ClInclude Include="components.h">
      <Filter>Game\01. Header</Filter>
    </ClInclude>
    <ClInclude Include="CPlatform.h">
      <Filter>Game\05. Object\Platform</Filter>
    </ClInclude>
    <ClInclude Include="CStartMenuLevel.h">
      <Filter>Game\04. Level\StartMenuLevel</Filter>
    </ClInclude>
    <ClInclude Include="CEditorLevel.h">
      <Filter>Game\04. Level\EditorLevel</Filter>
    </ClInclude>
    <ClInclude Include="CTile.h">
      <Filter>Game\05. Object\Tile</Filter>
    </ClInclude>
    <ClInclude Include="CUI.h">
      <Filter>Game\05. Object\UI</Filter>
    </ClInclude>
    <ClInclude Include="CBtnUI.h">
      <Filter>Game\05. Object\UI</Filter>
    </ClInclude>
    <ClInclude Include="CPanelUI.h">
      <Filter>Game\05. Object\UI</Filter>
    </ClInclude>
    <ClInclude Include="CUIMgr.h">
      <Filter>Game\03. Manager</Filter>
    </ClInclude>
    <ClInclude Include="CSoundMgr.h">
      <Filter>Game\03. Manager</Filter>
    </ClInclude>
    <ClInclude Include="CStateMachine.h">
      <Filter>Game\06. Component\StateMachine</Filter>
    </ClInclude>
    <ClInclude Include="CState.h">
      <Filter>Game\06. Component\StateMachine\State</Filter>
    </ClInclude>
    <ClInclude Include="CNormalMonIdle.h">
      <Filter>Game\06. Component\StateMachine\State</Filter>
    </ClInclude>
    <ClInclude Include="CNormalMonTrace.h">
      <Filter>Game\06. Component\StateMachine\State</Filter>
    </ClInclude>
    <ClInclude Include="CBackground.h">
      <Filter>Game\05. Object\Background</Filter>
    </ClInclude>
    <ClInclude Include="CAnimUI.h">
      <Filter>Game\05. Object\UI</Filter>
    </ClInclude>
    <ClInclude Include="CTextUI.h">
      <Filter>Game\05. Object\UI</Filter>
    </ClInclude>
    <ClInclude Include="CTransform.h">
      <Filter>Game\06. Component\Transform</Filter>
    </ClInclude>
    <ClInclude Include="CStageSelectLevel.h">
      <Filter>Game\04. Level\PlayLevel</Filter>
    </ClInclude>
    <ClInclude Include="CStage.h">
      <Filter>Game\05. Object\Stage</Filter>
    </ClInclude>
    <ClInclude Include="CStagePlayLevel.h">
      <Filter>Game\04. Level\PlayLevel</Filter>
    </ClInclude>
    <ClInclude Include="CJudgeBar.h">
      <Filter>Game\05. Object\Stage</Filter>
    </ClInclude>
    <ClInclude Include="CCharacter.h">
      <Filter>Game\05. Object\Stage</Filter>
    </ClInclude>
    <ClInclude Include="CHeart.h">
      <Filter>Game\05. Object\Stage</Filter>
    </ClInclude>
    <ClInclude Include="CUnitBar.h">
      <Filter>Game\05. Object\Stage</Filter>
    </ClInclude>
    <ClInclude Include="CNormalBeat.h">
      <Filter>Game\05. Object\Stage\Beat</Filter>
    </ClInclude>
    <ClInclude Include="CEvent.h">
      <Filter>Game\08. Event</Filter>
    </ClInclude>
    <ClInclude Include="CNormalNote.h">
      <Filter>Game\08. Event\Note</Filter>
    </ClInclude>
    <ClInclude Include="CNote.h">
      <Filter>Game\08. Event\Note</Filter>
    </ClInclude>
    <ClInclude Include="CEventMgr.h">
      <Filter>Game\03. Manager</Filter>
    </ClInclude>
    <ClInclude Include="CGetSetBeat.h">
      <Filter>Game\05. Object\Stage\Beat</Filter>
    </ClInclude>
    <ClInclude Include="CBeatNote.h">
      <Filter>Game\08. Event\Note</Filter>
    </ClInclude>
    <ClInclude Include="CWindowEvent.h">
      <Filter>Game\08. Event\Window</Filter>
    </ClInclude>
    <ClInclude Include="CObjEvent.h">
      <Filter>Game\08. Event\Object</Filter>
    </ClInclude>
    <ClInclude Include="CThermometer.h">
      <Filter>Game\05. Object\Stage\Thermometer</Filter>
    </ClInclude>
  </ItemGroup>
  <ItemGroup>
    <ResourceCompile Include="inho.rc">
      <Filter>리소스 파일</Filter>
    </ResourceCompile>
  </ItemGroup>
  <ItemGroup>
    <Image Include="small.ico">
      <Filter>리소스 파일</Filter>
    </Image>
    <Image Include="inho.ico">
      <Filter>리소스 파일</Filter>
    </Image>
  </ItemGroup>
  <ItemGroup>
    <ClCompile Include="inho.cpp">
      <Filter>Default</Filter>
    </ClCompile>
    <ClCompile Include="pch.cpp">
      <Filter>Default</Filter>
    </ClCompile>
    <ClCompile Include="CEngine.cpp">
      <Filter>Game\02. Engine</Filter>
    </ClCompile>
    <ClCompile Include="CLevel.cpp">
      <Filter>Game\04. Level</Filter>
    </ClCompile>
    <ClCompile Include="CObj.cpp">
      <Filter>Game\05. Object</Filter>
    </ClCompile>
    <ClCompile Include="CTimeMgr.cpp">
      <Filter>Game\03. Manager</Filter>
    </ClCompile>
    <ClCompile Include="CPlayer.cpp">
      <Filter>Game\05. Object\Player</Filter>
    </ClCompile>
    <ClCompile Include="CPaletteMgr.cpp">
      <Filter>Game\03. Manager</Filter>
    </ClCompile>
    <ClCompile Include="CMonster.cpp">
      <Filter>Game\05. Object\Monster</Filter>
    </ClCompile>
    <ClCompile Include="CPathMgr.cpp">
      <Filter>Game\03. Manager</Filter>
    </ClCompile>
    <ClCompile Include="CKeyMgr.cpp">
      <Filter>Game\03. Manager</Filter>
    </ClCompile>
    <ClCompile Include="CLevelMgr.cpp">
      <Filter>Game\03. Manager</Filter>
    </ClCompile>
    <ClCompile Include="CProjectile.cpp">
      <Filter>Game\05. Object\CProjectile</Filter>
    </ClCompile>
    <ClCompile Include="CGuidedProjectile.cpp">
      <Filter>Game\05. Object\CProjectile</Filter>
    </ClCompile>
    <ClCompile Include="CEntity.cpp" />
    <ClCompile Include="CComponent.cpp">
      <Filter>Game\06. Component</Filter>
    </ClCompile>
    <ClCompile Include="CCollider.cpp">
      <Filter>Game\06. Component\Collider</Filter>
    </ClCompile>
    <ClCompile Include="CCamera.cpp">
      <Filter>Game\03. Manager</Filter>
    </ClCompile>
    <ClCompile Include="CCollisionMgr.cpp">
      <Filter>Game\03. Manager</Filter>
    </ClCompile>
    <ClCompile Include="CLayer.cpp">
      <Filter>Game\04. Level</Filter>
    </ClCompile>
    <ClCompile Include="func.cpp">
      <Filter>Game\01. Header</Filter>
    </ClCompile>
    <ClCompile Include="CTaskMgr.cpp">
      <Filter>Game\03. Manager</Filter>
    </ClCompile>
    <ClCompile Include="CGCMgr.cpp">
      <Filter>Game\03. Manager</Filter>
    </ClCompile>
    <ClCompile Include="CAsset.cpp">
      <Filter>Game\07. Asset</Filter>
    </ClCompile>
    <ClCompile Include="CAssetMgr.cpp">
      <Filter>Game\03. Manager</Filter>
    </ClCompile>
    <ClCompile Include="CSound.cpp">
      <Filter>Game\07. Asset\Sound</Filter>
    </ClCompile>
    <ClCompile Include="CTexture.cpp">
      <Filter>Game\07. Asset\Texture</Filter>
    </ClCompile>
    <ClCompile Include="CAnimator.cpp">
      <Filter>Game\06. Component\Animator</Filter>
    </ClCompile>
    <ClCompile Include="CAnim.cpp">
      <Filter>Game\06. Component\Animator\Anim</Filter>
    </ClCompile>
    <ClCompile Include="CMovement.cpp">
      <Filter>Game\06. Component\Movement</Filter>
    </ClCompile>
    <ClCompile Include="CLogMgr.cpp">
      <Filter>Game\03. Manager</Filter>
    </ClCompile>
    <ClCompile Include="CPlatform.cpp">
      <Filter>Game\05. Object\Platform</Filter>
    </ClCompile>
    <ClCompile Include="CStartMenuLevel.cpp">
      <Filter>Game\04. Level\StartMenuLevel</Filter>
    </ClCompile>
    <ClCompile Include="CEditorLevel.cpp">
      <Filter>Game\04. Level\EditorLevel</Filter>
    </ClCompile>
    <ClCompile Include="CTile.cpp">
      <Filter>Game\05. Object\Tile</Filter>
    </ClCompile>
    <ClCompile Include="CUI.cpp">
      <Filter>Game\05. Object\UI</Filter>
    </ClCompile>
    <ClCompile Include="CBtnUI.cpp">
      <Filter>Game\05. Object\UI</Filter>
    </ClCompile>
    <ClCompile Include="CPanelUI.cpp">
      <Filter>Game\05. Object\UI</Filter>
    </ClCompile>
    <ClCompile Include="CUIMgr.cpp">
      <Filter>Game\03. Manager</Filter>
    </ClCompile>
    <ClCompile Include="CSoundMgr.cpp">
      <Filter>Game\03. Manager</Filter>
    </ClCompile>
    <ClCompile Include="CStateMachine.cpp">
      <Filter>Game\06. Component\StateMachine</Filter>
    </ClCompile>
    <ClCompile Include="CState.cpp">
      <Filter>Game\06. Component\StateMachine\State</Filter>
    </ClCompile>
    <ClCompile Include="CNormalMonIdle.cpp">
      <Filter>Game\06. Component\StateMachine\State</Filter>
    </ClCompile>
    <ClCompile Include="CNormalMonTrace.cpp">
      <Filter>Game\06. Component\StateMachine\State</Filter>
    </ClCompile>
    <ClCompile Include="CBackground.cpp">
      <Filter>Game\05. Object\Background</Filter>
    </ClCompile>
    <ClCompile Include="CAnimUI.cpp">
      <Filter>Game\05. Object\UI</Filter>
    </ClCompile>
    <ClCompile Include="CTextUI.cpp">
      <Filter>Game\05. Object\UI</Filter>
    </ClCompile>
    <ClCompile Include="CTransform.cpp">
      <Filter>Game\06. Component\Transform</Filter>
    </ClCompile>
    <ClCompile Include="CStageSelectLevel.cpp">
      <Filter>Game\04. Level\PlayLevel</Filter>
    </ClCompile>
    <ClCompile Include="CStage.cpp">
      <Filter>Game\05. Object\Stage</Filter>
    </ClCompile>
    <ClCompile Include="CStagePlayLevel.cpp">
      <Filter>Game\04. Level\PlayLevel</Filter>
    </ClCompile>
    <ClCompile Include="CJudgeBar.cpp">
      <Filter>Game\05. Object\Stage</Filter>
    </ClCompile>
    <ClCompile Include="CCharacter.cpp">
      <Filter>Game\05. Object\Stage</Filter>
    </ClCompile>
    <ClCompile Include="CHeart.cpp">
      <Filter>Game\05. Object\Stage</Filter>
    </ClCompile>
    <ClCompile Include="CUnitBar.cpp">
      <Filter>Game\05. Object\Stage</Filter>
    </ClCompile>
    <ClCompile Include="CNormalBeat.cpp">
      <Filter>Game\05. Object\Stage\Beat</Filter>
    </ClCompile>
    <ClCompile Include="CEvent.cpp">
      <Filter>Game\08. Event</Filter>
    </ClCompile>
    <ClCompile Include="CNormalNote.cpp">
      <Filter>Game\08. Event\Note</Filter>
    </ClCompile>
    <ClCompile Include="CNote.cpp">
      <Filter>Game\08. Event\Note</Filter>
    </ClCompile>
    <ClCompile Include="CEventMgr.cpp">
      <Filter>Game\03. Manager</Filter>
    </ClCompile>
    <ClCompile Include="CGetSetBeat.cpp">
      <Filter>Game\05. Object\Stage\Beat</Filter>
    </ClCompile>
    <ClCompile Include="CBeatNote.cpp">
      <Filter>Game\08. Event\Note</Filter>
    </ClCompile>
    <ClCompile Include="CWindowEvent.cpp">
      <Filter>Game\08. Event\Window</Filter>
    </ClCompile>
    <ClCompile Include="CObjEvent.cpp">
      <Filter>Game\08. Event\Object</Filter>
    </ClCompile>
    <ClCompile Include="CThermometer.cpp">
      <Filter>Game\05. Object\Stage\Thermometer</Filter>
    </ClCompile>
  </ItemGroup>
</Project>